
Microsoft Visual Studio Solution File, Format Version 12.00
# Visual Studio 15
VisualStudioVersion = 15.0.26124.0
MinimumVisualStudioVersion = 15.0.26124.0
Project("{FAE04EC0-301F-11D3-BF4B-00C04F79EFBC}") = "ProAgil.API", "ProAgil.API\ProAgil.API.csproj", "{3AF7A824-79E2-4259-9FC7-805238EFB4B0}"
EndProject
Project("{FAE04EC0-301F-11D3-BF4B-00C04F79EFBC}") = "ProAgil.Repository", "ProAgil.Repository\ProAgil.Repository.csproj", "{F163C8F6-74C5-44CB-BD7A-C658C63FE12A}"
EndProject
Project("{FAE04EC0-301F-11D3-BF4B-00C04F79EFBC}") = "ProAgil.Domain", "ProAgil.Domain\ProAgil.Domain.csproj", "{AA4E49AE-8E39-45F9-A4B3-A8D745123A5E}"
EndProject
Global
	GlobalSection(SolutionConfigurationPlatforms) = preSolution
		Debug|Any CPU = Debug|Any CPU
		Debug|x64 = Debug|x64
		Debug|x86 = Debug|x86
		Release|Any CPU = Release|Any CPU
		Release|x64 = Release|x64
		Release|x86 = Release|x86
	EndGlobalSection
	GlobalSection(SolutionProperties) = preSolution
		HideSolutionNode = FALSE
	EndGlobalSection
	GlobalSection(ProjectConfigurationPlatforms) = postSolution
		{3AF7A824-79E2-4259-9FC7-805238EFB4B0}.Debug|Any CPU.ActiveCfg = Debug|Any CPU
		{3AF7A824-79E2-4259-9FC7-805238EFB4B0}.Debug|Any CPU.Build.0 = Debug|Any CPU
		{3AF7A824-79E2-4259-9FC7-805238EFB4B0}.Debug|x64.ActiveCfg = Debug|Any CPU
		{3AF7A824-79E2-4259-9FC7-805238EFB4B0}.Debug|x64.Build.0 = Debug|Any CPU
		{3AF7A824-79E2-4259-9FC7-805238EFB4B0}.Debug|x86.ActiveCfg = Debug|Any CPU
		{3AF7A824-79E2-4259-9FC7-805238EFB4B0}.Debug|x86.Build.0 = Debug|Any CPU
		{3AF7A824-79E2-4259-9FC7-805238EFB4B0}.Release|Any CPU.ActiveCfg = Release|Any CPU
		{3AF7A824-79E2-4259-9FC7-805238EFB4B0}.Release|Any CPU.Build.0 = Release|Any CPU
		{3AF7A824-79E2-4259-9FC7-805238EFB4B0}.Release|x64.ActiveCfg = Release|Any CPU
		{3AF7A824-79E2-4259-9FC7-805238EFB4B0}.Release|x64.Build.0 = Release|Any CPU
		{3AF7A824-79E2-4259-9FC7-805238EFB4B0}.Release|x86.ActiveCfg = Release|Any CPU
		{3AF7A824-79E2-4259-9FC7-805238EFB4B0}.Release|x86.Build.0 = Release|Any CPU
		{F163C8F6-74C5-44CB-BD7A-C658C63FE12A}.Debug|Any CPU.ActiveCfg = Debug|Any CPU
		{F163C8F6-74C5-44CB-BD7A-C658C63FE12A}.Debug|Any CPU.Build.0 = Debug|Any CPU
		{F163C8F6-74C5-44CB-BD7A-C658C63FE12A}.Debug|x64.ActiveCfg = Debug|Any CPU
		{F163C8F6-74C5-44CB-BD7A-C658C63FE12A}.Debug|x64.Build.0 = Debug|Any CPU
		{F163C8F6-74C5-44CB-BD7A-C658C63FE12A}.Debug|x86.ActiveCfg = Debug|Any CPU
		{F163C8F6-74C5-44CB-BD7A-C658C63FE12A}.Debug|x86.Build.0 = Debug|Any CPU
		{F163C8F6-74C5-44CB-BD7A-C658C63FE12A}.Release|Any CPU.ActiveCfg = Release|Any CPU
		{F163C8F6-74C5-44CB-BD7A-C658C63FE12A}.Release|Any CPU.Build.0 = Release|Any CPU
		{F163C8F6-74C5-44CB-BD7A-C658C63FE12A}.Release|x64.ActiveCfg = Release|Any CPU
		{F163C8F6-74C5-44CB-BD7A-C658C63FE12A}.Release|x64.Build.0 = Release|Any CPU
		{F163C8F6-74C5-44CB-BD7A-C658C63FE12A}.Release|x86.ActiveCfg = Release|Any CPU
		{F163C8F6-74C5-44CB-BD7A-C658C63FE12A}.Release|x86.Build.0 = Release|Any CPU
		{AA4E49AE-8E39-45F9-A4B3-A8D745123A5E}.Debug|Any CPU.ActiveCfg = Debug|Any CPU
		{AA4E49AE-8E39-45F9-A4B3-A8D745123A5E}.Debug|Any CPU.Build.0 = Debug|Any CPU
		{AA4E49AE-8E39-45F9-A4B3-A8D745123A5E}.Debug|x64.ActiveCfg = Debug|Any CPU
		{AA4E49AE-8E39-45F9-A4B3-A8D745123A5E}.Debug|x64.Build.0 = Debug|Any CPU
		{AA4E49AE-8E39-45F9-A4B3-A8D745123A5E}.Debug|x86.ActiveCfg = Debug|Any CPU
		{AA4E49AE-8E39-45F9-A4B3-A8D745123A5E}.Debug|x86.Build.0 = Debug|Any CPU
		{AA4E49AE-8E39-45F9-A4B3-A8D745123A5E}.Release|Any CPU.ActiveCfg = Release|Any CPU
		{AA4E49AE-8E39-45F9-A4B3-A8D745123A5E}.Release|Any CPU.Build.0 = Release|Any CPU
		{AA4E49AE-8E39-45F9-A4B3-A8D745123A5E}.Release|x64.ActiveCfg = Release|Any CPU
		{AA4E49AE-8E39-45F9-A4B3-A8D745123A5E}.Release|x64.Build.0 = Release|Any CPU
		{AA4E49AE-8E39-45F9-A4B3-A8D745123A5E}.Release|x86.ActiveCfg = Release|Any CPU
		{AA4E49AE-8E39-45F9-A4B3-A8D745123A5E}.Release|x86.Build.0 = Release|Any CPU
	EndGlobalSection
EndGlobal
